<?xml version="1.0" encoding="UTF-8" standalone="yes" ?>
<CodeBlocks_project_file>
	<FileVersion major="1" minor="6" />
	<Project>
		<Option title="clothsim" />
		<Option pch_mode="2" />
		<Option compiler="gcc" />
		<Build>
			<Target title="Debug">
				<Option output="bin/Debug/clothsim" prefix_auto="1" extension_auto="1" />
				<Option object_output="obj/Debug/" />
				<Option type="1" />
				<Option compiler="gcc" />
				<Compiler>
					<Add option="-g" />
				</Compiler>
				<Linker>
					<Add library="libsfml-graphics-d" />
					<Add library="libsfml-audio-d" />
					<Add library="libsfml-network-d" />
					<Add library="libsfml-window-d" />
					<Add library="libsfml-system-d" />
				</Linker>
			</Target>
			<Target title="Release">
				<Option output="bin/Release/clothsim" prefix_auto="1" extension_auto="1" />
				<Option object_output="obj/Release/" />
				<Option type="1" />
				<Option compiler="gcc" />
				<Compiler>
					<Add option="-O2" />
				</Compiler>
				<Linker>
					<Add option="-s" />
					<Add library="libsfml-graphics" />
					<Add library="libsfml-audio" />
					<Add library="libsfml-network" />
					<Add library="libsfml-window" />
					<Add library="libsfml-system" />
				</Linker>
			</Target>
		</Build>
		<Compiler>
			<Add option="-Wall" />
			<Add option="-std=c++14" />
			<Add directory="../../../../SFML-2.5.1/include" />
		</Compiler>
		<Linker>
			<Add library="../../../../SFML-2.5.1/lib/libFLAC.a" />
			<Add library="../../../../SFML-2.5.1/lib/libfreetype.a" />
			<Add library="../../../../SFML-2.5.1/lib/libogg.a" />
			<Add library="../../../../SFML-2.5.1/lib/libopenal32.a" />
			<Add library="../../../../SFML-2.5.1/lib/libsfml-audio.a" />
			<Add library="../../../../SFML-2.5.1/lib/libsfml-audio-d.a" />
			<Add library="../../../../SFML-2.5.1/lib/libsfml-audio-s.a" />
			<Add library="../../../../SFML-2.5.1/lib/libsfml-audio-s-d.a" />
			<Add library="../../../../SFML-2.5.1/lib/libsfml-graphics.a" />
			<Add library="../../../../SFML-2.5.1/lib/libsfml-graphics-d.a" />
			<Add library="../../../../SFML-2.5.1/lib/libsfml-graphics-s.a" />
			<Add library="../../../../SFML-2.5.1/lib/libsfml-graphics-s-d.a" />
			<Add library="../../../../SFML-2.5.1/lib/libsfml-main.a" />
			<Add library="../../../../SFML-2.5.1/lib/libsfml-main-d.a" />
			<Add library="../../../../SFML-2.5.1/lib/libsfml-network.a" />
			<Add library="../../../../SFML-2.5.1/lib/libsfml-network-d.a" />
			<Add library="../../../../SFML-2.5.1/lib/libsfml-network-s.a" />
			<Add library="../../../../SFML-2.5.1/lib/libsfml-network-s-d.a" />
			<Add library="../../../../SFML-2.5.1/lib/libsfml-system.a" />
			<Add library="../../../../SFML-2.5.1/lib/libsfml-system-d.a" />
			<Add library="../../../../SFML-2.5.1/lib/libsfml-system-s.a" />
			<Add library="../../../../SFML-2.5.1/lib/libsfml-system-s-d.a" />
			<Add library="../../../../SFML-2.5.1/lib/libsfml-window.a" />
			<Add library="../../../../SFML-2.5.1/lib/libsfml-window-d.a" />
			<Add library="../../../../SFML-2.5.1/lib/libsfml-window-s.a" />
			<Add library="../../../../SFML-2.5.1/lib/libsfml-window-s-d.a" />
			<Add library="../../../../SFML-2.5.1/lib/libvorbis.a" />
			<Add library="../../../../SFML-2.5.1/lib/libvorbisenc.a" />
			<Add library="../../../../SFML-2.5.1/lib/libvorbisfile.a" />
			<Add directory="../../../../SFML-2.5.1/lib" />
		</Linker>
		<Unit filename="main.cpp" />
		<Extensions>
			<lib_finder disable_auto="1" />
		</Extensions>
	</Project>
</CodeBlocks_project_file>
